
Microsoft Visual Studio Solution File, Format Version 12.00
# Visual Studio Version 16
VisualStudioVersion = 16.0.31321.278
MinimumVisualStudioVersion = 10.0.40219.1
Project("{FAE04EC0-301F-11D3-BF4B-00C04F79EFBC}") = "WishListManagement", "WishlistManagement\WishListManagement.csproj", "{694876D2-DD0A-4981-B09F-0CC51CE786A7}"
EndProject
Project("{2150E333-8FDC-42A3-9474-1A3956D46DE8}") = "Infrastructure", "Infrastructure", "{FA6FC378-CF3B-4E04-B78C-077793AF6C5D}"
EndProject
Project("{FAE04EC0-301F-11D3-BF4B-00C04F79EFBC}") = "WishListManagement.Infrastructure", "WishListManagement.Infrastructure\WishListManagement.Infrastructure.csproj", "{A9E616AE-C694-499B-B0D2-0567052804CF}"
EndProject
Project("{2150E333-8FDC-42A3-9474-1A3956D46DE8}") = "Application", "Application", "{7B390704-62EF-485E-8133-C9F032BC36FA}"
EndProject
Project("{FAE04EC0-301F-11D3-BF4B-00C04F79EFBC}") = "WishListManagement.Application", "WishListManagement.Application\WishListManagement.Application.csproj", "{4E84A271-17D0-4B52-B468-4CEEE450337E}"
EndProject
Project("{FAE04EC0-301F-11D3-BF4B-00C04F79EFBC}") = "WishListManagement.Application.Contracts", "WishListManagement.Application.Contracts\WishListManagement.Application.Contracts.csproj", "{C4A45F10-ECBB-493E-8E02-7A4A6909A877}"
EndProject
Global
	GlobalSection(SolutionConfigurationPlatforms) = preSolution
		Debug|Any CPU = Debug|Any CPU
		Release|Any CPU = Release|Any CPU
	EndGlobalSection
	GlobalSection(ProjectConfigurationPlatforms) = postSolution
		{694876D2-DD0A-4981-B09F-0CC51CE786A7}.Debug|Any CPU.ActiveCfg = Debug|Any CPU
		{694876D2-DD0A-4981-B09F-0CC51CE786A7}.Debug|Any CPU.Build.0 = Debug|Any CPU
		{694876D2-DD0A-4981-B09F-0CC51CE786A7}.Release|Any CPU.ActiveCfg = Release|Any CPU
		{694876D2-DD0A-4981-B09F-0CC51CE786A7}.Release|Any CPU.Build.0 = Release|Any CPU
		{A9E616AE-C694-499B-B0D2-0567052804CF}.Debug|Any CPU.ActiveCfg = Debug|Any CPU
		{A9E616AE-C694-499B-B0D2-0567052804CF}.Debug|Any CPU.Build.0 = Debug|Any CPU
		{A9E616AE-C694-499B-B0D2-0567052804CF}.Release|Any CPU.ActiveCfg = Release|Any CPU
		{A9E616AE-C694-499B-B0D2-0567052804CF}.Release|Any CPU.Build.0 = Release|Any CPU
		{4E84A271-17D0-4B52-B468-4CEEE450337E}.Debug|Any CPU.ActiveCfg = Debug|Any CPU
		{4E84A271-17D0-4B52-B468-4CEEE450337E}.Debug|Any CPU.Build.0 = Debug|Any CPU
		{4E84A271-17D0-4B52-B468-4CEEE450337E}.Release|Any CPU.ActiveCfg = Release|Any CPU
		{4E84A271-17D0-4B52-B468-4CEEE450337E}.Release|Any CPU.Build.0 = Release|Any CPU
		{C4A45F10-ECBB-493E-8E02-7A4A6909A877}.Debug|Any CPU.ActiveCfg = Debug|Any CPU
		{C4A45F10-ECBB-493E-8E02-7A4A6909A877}.Debug|Any CPU.Build.0 = Debug|Any CPU
		{C4A45F10-ECBB-493E-8E02-7A4A6909A877}.Release|Any CPU.ActiveCfg = Release|Any CPU
		{C4A45F10-ECBB-493E-8E02-7A4A6909A877}.Release|Any CPU.Build.0 = Release|Any CPU
	EndGlobalSection
	GlobalSection(SolutionProperties) = preSolution
		HideSolutionNode = FALSE
	EndGlobalSection
	GlobalSection(NestedProjects) = preSolution
		{A9E616AE-C694-499B-B0D2-0567052804CF} = {FA6FC378-CF3B-4E04-B78C-077793AF6C5D}
		{4E84A271-17D0-4B52-B468-4CEEE450337E} = {7B390704-62EF-485E-8133-C9F032BC36FA}
		{C4A45F10-ECBB-493E-8E02-7A4A6909A877} = {7B390704-62EF-485E-8133-C9F032BC36FA}
	EndGlobalSection
	GlobalSection(ExtensibilityGlobals) = postSolution
		SolutionGuid = {5394D433-B465-4E9F-B51A-BF641EA5D281}
	EndGlobalSection
EndGlobal
